
Microsoft Visual Studio Solution File, Format Version 12.00
# Visual Studio Version 16
VisualStudioVersion = 16.0.30517.126
MinimumVisualStudioVersion = 10.0.40219.1
Project("{FAE04EC0-301F-11D3-BF4B-00C04F79EFBC}") = "MelbourneAttractionsProject", "MelbourneAttractionsProject.csproj", "{CF961702-B535-43A3-969B-6DB0E3979AC9}"
EndProject
Global
	GlobalSection(SolutionConfigurationPlatforms) = preSolution
		Debug|Any CPU = Debug|Any CPU
		Release|Any CPU = Release|Any CPU
	EndGlobalSection
	GlobalSection(ProjectConfigurationPlatforms) = postSolution
		{CF961702-B535-43A3-969B-6DB0E3979AC9}.Debug|Any CPU.ActiveCfg = Debug|Any CPU
		{CF961702-B535-43A3-969B-6DB0E3979AC9}.Debug|Any CPU.Build.0 = Debug|Any CPU
		{CF961702-B535-43A3-969B-6DB0E3979AC9}.Release|Any CPU.ActiveCfg = Release|Any CPU
		{CF961702-B535-43A3-969B-6DB0E3979AC9}.Release|Any CPU.Build.0 = Release|Any CPU
	EndGlobalSection
	GlobalSection(SolutionProperties) = preSolution
		HideSolutionNode = FALSE
	EndGlobalSection
	GlobalSection(ExtensibilityGlobals) = postSolution
		SolutionGuid = {EDA40F42-FAAD-4241-A499-438C8488EE6E}
	EndGlobalSection
EndGlobal
